// !$*UTF8*$!
{
	archiveVersion = 1;
	classes = {
	};
	objectVersion = 77;
	objects = {

/* Begin PBXContainerItemProxy section */
		EABC5DFD2CA7EF9A003C7873 /* PBXContainerItemProxy */ = {
			isa = PBXContainerItemProxy;
			containerPortal = EABC5DE42CA7EF99003C7873 /* Project object */;
			proxyType = 1;
			remoteGlobalIDString = EABC5DEB2CA7EF99003C7873;
			remoteInfo = Battleship;
		};
		EABC5E072CA7EF9B003C7873 /* PBXContainerItemProxy */ = {
			isa = PBXContainerItemProxy;
			containerPortal = EABC5DE42CA7EF99003C7873 /* Project object */;
			proxyType = 1;
			remoteGlobalIDString = EABC5DEB2CA7EF99003C7873;
			remoteInfo = Battleship;
		};
/* End PBXContainerItemProxy section */

/* Begin PBXFileReference section */
		EABC5DEC2CA7EF99003C7873 /* Battleship.app */ = {isa = PBXFileReference; explicitFileType = wrapper.application; includeInIndex = 0; path = Battleship.app; sourceTree = BUILT_PRODUCTS_DIR; };
		EABC5DFC2CA7EF9A003C7873 /* BattleshipTests.xctest */ = {isa = PBXFileReference; explicitFileType = wrapper.cfbundle; includeInIndex = 0; path = BattleshipTests.xctest; sourceTree = BUILT_PRODUCTS_DIR; };
		EABC5E062CA7EF9B003C7873 /* BattleshipUITests.xctest */ = {isa = PBXFileReference; explicitFileType = wrapper.cfbundle; includeInIndex = 0; path = BattleshipUITests.xctest; sourceTree = BUILT_PRODUCTS_DIR; };
/* End PBXFileReference section */

/* Begin PBXFileSystemSynchronizedRootGroup section */
		EABC5DEE2CA7EF99003C7873 /* Battleship */ = {
			isa = PBXFileSystemSynchronizedRootGroup;
			path = Battleship;
			sourceTree = "<group>";
		};
/* End PBXFileSystemSynchronizedRootGroup section */

/* Begin PBXFrameworksBuildPhase section */
		EABC5DE92CA7EF99003C7873 /* Frameworks */ = {
			isa = PBXFrameworksBuildPhase;
			buildActionMask = 2147483647;
			files = (
			);
			runOnlyForDeploymentPostprocessing = 0;
		};
		EABC5DF92CA7EF9A003C7873 /* Frameworks */ = {
			isa = PBXFrameworksBuildPhase;
			buildActionMask = 2147483647;
			files = (
			);
			runOnlyForDeploymentPostprocessing = 0;
		};
		EABC5E032CA7EF9B003C7873 /* Frameworks */ = {
			isa = PBXFrameworksBuildPhase;
			buildActionMask = 2147483647;
			files = (
			);
			runOnlyForDeploymentPostprocessing = 0;
		};
/* End PBXFrameworksBuildPhase section */

/* Begin PBXGroup section */
		EABC5DE32CA7EF99003C7873 = {
			isa = PBXGroup;
			children = (
				EABC5DEE2CA7EF99003C7873 /* Battleship */,
				EABC5DED2CA7EF99003C7873 /* Products */,
			);
			sourceTree = "<group>";
		};
		EABC5DED2CA7EF99003C7873 /* Products */ = {
			isa = PBXGroup;
			children = (
				EABC5DEC2CA7EF99003C7873 /* Battleship.app */,
				EABC5DFC2CA7EF9A003C7873 /* BattleshipTests.xctest */,
				EABC5E062CA7EF9B003C7873 /* BattleshipUITests.xctest */,
			);
			name = Products;
			sourceTree = "<group>";
		};
/* End PBXGroup section */

/* Begin PBXNativeTarget section */
		EABC5DEB2CA7EF99003C7873 /* Battleship */ = {
			isa = PBXNativeTarget;
			buildConfigurationList = EABC5E102CA7EF9B003C7873 /* Build configuration list for PBXNativeTarget "Battleship" */;
			buildPhases = (
				EABC5DE82CA7EF99003C7873 /* Sources */,
				EABC5DE92CA7EF99003C7873 /* Frameworks */,
				EABC5DEA2CA7EF99003C7873 /* Resources */,
			);
			buildRules = (
			);
			dependencies = (
			);
			fileSystemSynchronizedGroups = (
				EABC5DEE2CA7EF99003C7873 /* Battleship */,
			);
			name = Battleship;
			packageProductDependencies = (
			);
			productName = Battleship;
			productReference = EABC5DEC2CA7EF99003C7873 /* Battleship.app */;
			productType = "com.apple.product-type.application";
		};
		EABC5DFB2CA7EF9A003C7873 /* BattleshipTests */ = {
			isa = PBXNativeTarget;
			buildConfigurationList = EABC5E132CA7EF9B003C7873 /* Build configuration list for PBXNativeTarget "BattleshipTests" */;
			buildPhases = (
				EABC5DF82CA7EF9A003C7873 /* Sources */,
				EABC5DF92CA7EF9A003C7873 /* Frameworks */,
				EABC5DFA2CA7EF9A003C7873 /* Resources */,
			);
			buildRules = (
			);
			dependencies = (
				EABC5DFE2CA7EF9A003C7873 /* PBXTargetDependency */,
			);
			name = BattleshipTests;
			packageProductDependencies = (
			);
			productName = BattleshipTests;
			productReference = EABC5DFC2CA7EF9A003C7873 /* BattleshipTests.xctest */;
			productType = "com.apple.product-type.bundle.unit-test";
		};
		EABC5E052CA7EF9B003C7873 /* BattleshipUITests */ = {
			isa = PBXNativeTarget;
			buildConfigurationList = EABC5E162CA7EF9B003C7873 /* Build configuration list for PBXNativeTarget "BattleshipUITests" */;
			buildPhases = (
				EABC5E022CA7EF9B003C7873 /* Sources */,
				EABC5E032CA7EF9B003C7873 /* Frameworks */,
				EABC5E042CA7EF9B003C7873 /* Resources */,
			);
			buildRules = (
			);
			dependencies = (
				EABC5E082CA7EF9B003C7873 /* PBXTargetDependency */,
			);
			name = BattleshipUITests;
			packageProductDependencies = (
			);
			productName = BattleshipUITests;
			productReference = EABC5E062CA7EF9B003C7873 /* BattleshipUITests.xctest */;
			productType = "com.apple.product-type.bundle.ui-testing";
		};
/* End PBXNativeTarget section */

/* Begin PBXProject section */
		EABC5DE42CA7EF99003C7873 /* Project object */ = {
			isa = PBXProject;
			attributes = {
				BuildIndependentTargetsInParallel = 1;
				LastSwiftUpdateCheck = 1600;
				LastUpgradeCheck = 1600;
				TargetAttributes = {
					EABC5DEB2CA7EF99003C7873 = {
						CreatedOnToolsVersion = 16.0;
					};
					EABC5DFB2CA7EF9A003C7873 = {
						CreatedOnToolsVersion = 16.0;
						TestTargetID = EABC5DEB2CA7EF99003C7873;
					};
					EABC5E052CA7EF9B003C7873 = {
						CreatedOnToolsVersion = 16.0;
						TestTargetID = EABC5DEB2CA7EF99003C7873;
					};
				};
			};
			buildConfigurationList = EABC5DE72CA7EF99003C7873 /* Build configuration list for PBXProject "Battleship" */;
			developmentRegion = en;
			hasScannedForEncodings = 0;
			knownRegions = (
				en,
				Base,
			);
			mainGroup = EABC5DE32CA7EF99003C7873;
			minimizedProjectReferenceProxies = 1;
			preferredProjectObjectVersion = 77;
			productRefGroup = EABC5DED2CA7EF99003C7873 /* Products */;
			projectDirPath = "";
			projectRoot = "";
			targets = (
				EABC5DEB2CA7EF99003C7873 /* Battleship */,
				EABC5DFB2CA7EF9A003C7873 /* BattleshipTests */,
				EABC5E052CA7EF9B003C7873 /* BattleshipUITests */,
			);
		};
/* End PBXProject section */

/* Begin PBXResourcesBuildPhase section */
		EABC5DEA2CA7EF99003C7873 /* Resources */ = {
			isa = PBXResourcesBuildPhase;
			buildActionMask = 2147483647;
			files = (
			);
			runOnlyForDeploymentPostprocessing = 0;
		};
		EABC5DFA2CA7EF9A003C7873 /* Resources */ = {
			isa = PBXResourcesBuildPhase;
			buildActionMask = 2147483647;
			files = (
			);
			runOnlyForDeploymentPostprocessing = 0;
		};
		EABC5E042CA7EF9B003C7873 /* Resources */ = {
			isa = PBXResourcesBuildPhase;
			buildActionMask = 2147483647;
			files = (
			);
			runOnlyForDeploymentPostprocessing = 0;
		};
/* End PBXResourcesBuildPhase section */

/* Begin PBXSourcesBuildPhase section */
		EABC5DE82CA7EF99003C7873 /* Sources */ = {
			isa = PBXSourcesBuildPhase;
			buildActionMask = 2147483647;
			files = (
			);
			runOnlyForDeploymentPostprocessing = 0;
		};
		EABC5DF82CA7EF9A003C7873 /* Sources */ = {
			isa = PBXSourcesBuildPhase;
			buildActionMask = 2147483647;
			files = (
			);
			runOnlyForDeploymentPostprocessing = 0;
		};
		EABC5E022CA7EF9B003C7873 /* Sources */ = {
			isa = PBXSourcesBuildPhase;
			buildActionMask = 2147483647;
			files = (
			);
			runOnlyForDeploymentPostprocessing = 0;
		};
/* End PBXSourcesBuildPhase section */

/* Begin PBXTargetDependency section */
		EABC5DFE2CA7EF9A003C7873 /* PBXTargetDependency */ = {
			isa = PBXTargetDependency;
			target = EABC5DEB2CA7EF99003C7873 /* Battleship */;
			targetProxy = EABC5DFD2CA7EF9A003C7873 /* PBXContainerItemProxy */;
		};
		EABC5E082CA7EF9B003C7873 /* PBXTargetDependency */ = {
			isa = PBXTargetDependency;
			target = EABC5DEB2CA7EF99003C7873 /* Battleship */;
			targetProxy = EABC5E072CA7EF9B003C7873 /* PBXContainerItemProxy */;
		};
/* End PBXTargetDependency section */

/* Begin XCBuildConfiguration section */
		EABC5E0E2CA7EF9B003C7873 /* Debug */ = {
			isa = XCBuildConfiguration;
			buildSettings = {
				ALWAYS_SEARCH_USER_PATHS = NO;
				ASSETCATALOG_COMPILER_GENERATE_SWIFT_ASSET_SYMBOL_EXTENSIONS = YES;
				CLANG_ANALYZER_NONNULL = YES;
				CLANG_ANALYZER_NUMBER_OBJECT_CONVERSION = YES_AGGRESSIVE;
				CLANG_CXX_LANGUAGE_STANDARD = "gnu++20";
				CLANG_ENABLE_MODULES = YES;
				CLANG_ENABLE_OBJC_ARC = YES;
				CLANG_ENABLE_OBJC_WEAK = YES;
				CLANG_WARN_BLOCK_CAPTURE_AUTORELEASING = YES;
				CLANG_WARN_BOOL_CONVERSION = YES;
				CLANG_WARN_COMMA = YES;
				CLANG_WARN_CONSTANT_CONVERSION = YES;
				CLANG_WARN_DEPRECATED_OBJC_IMPLEMENTATIONS = YES;
				CLANG_WARN_DIRECT_OBJC_ISA_USAGE = YES_ERROR;
				CLANG_WARN_DOCUMENTATION_COMMENTS = YES;
				CLANG_WARN_EMPTY_BODY = YES;
				CLANG_WARN_ENUM_CONVERSION = YES;
				CLANG_WARN_INFINITE_RECURSION = YES;
				CLANG_WARN_INT_CONVERSION = YES;
				CLANG_WARN_NON_LITERAL_NULL_CONVERSION = YES;
				CLANG_WARN_OBJC_IMPLICIT_RETAIN_SELF = YES;
				CLANG_WARN_OBJC_LITERAL_CONVERSION = YES;
				CLANG_WARN_OBJC_ROOT_CLASS = YES_ERROR;
				CLANG_WARN_QUOTED_INCLUDE_IN_FRAMEWORK_HEADER = YES;
				CLANG_WARN_RANGE_LOOP_ANALYSIS = YES;
				CLANG_WARN_STRICT_PROTOTYPES = YES;
				CLANG_WARN_SUSPICIOUS_MOVE = YES;
				CLANG_WARN_UNGUARDED_AVAILABILITY = YES_AGGRESSIVE;
				CLANG_WARN_UNREACHABLE_CODE = YES;
				CLANG_WARN__DUPLICATE_METHOD_MATCH = YES;
				COPY_PHASE_STRIP = NO;
				DEBUG_INFORMATION_FORMAT = dwarf;
				ENABLE_STRICT_OBJC_MSGSEND = YES;
				ENABLE_TESTABILITY = YES;
				ENABLE_USER_SCRIPT_SANDBOXING = YES;
				GCC_C_LANGUAGE_STANDARD = gnu17;
				GCC_DYNAMIC_NO_PIC = NO;
				GCC_NO_COMMON_BLOCKS = YES;
				GCC_OPTIMIZATION_LEVEL = 0;
				GCC_PREPROCESSOR_DEFINITIONS = (
					"DEBUG=1",
					"$(inherited)",
				);
				GCC_WARN_64_TO_32_BIT_CONVERSION = YES;
				GCC_WARN_ABOUT_RETURN_TYPE = YES_ERROR;
				GCC_WARN_UNDECLARED_SELECTOR = YES;
				GCC_WARN_UNINITIALIZED_AUTOS = YES_AGGRESSIVE;
				GCC_WARN_UNUSED_FUNCTION = YES;
				GCC_WARN_UNUSED_VARIABLE = YES;
				IPHONEOS_DEPLOYMENT_TARGET = 18.0;
				LOCALIZATION_PREFERS_STRING_CATALOGS = YES;
				MTL_ENABLE_DEBUG_INFO = INCLUDE_SOURCE;
				MTL_FAST_MATH = YES;
				ONLY_ACTIVE_ARCH = YES;
				SDKROOT = iphoneos;
				SWIFT_ACTIVE_COMPILATION_CONDITIONS = "DEBUG $(inherited)";
				SWIFT_OPTIMIZATION_LEVEL = "-Onone";
			};
			name = Debug;
		};
		EABC5E0F2CA7EF9B003C7873 /* Release */ = {
			isa = XCBuildConfiguration;
			buildSettings = {
				ALWAYS_SEARCH_USER_PATHS = NO;
				ASSETCATALOG_COMPILER_GENERATE_SWIFT_ASSET_SYMBOL_EXTENSIONS = YES;
				CLANG_ANALYZER_NONNULL = YES;
				CLANG_ANALYZER_NUMBER_OBJECT_CONVERSION = YES_AGGRESSIVE;
				CLANG_CXX_LANGUAGE_STANDARD = "gnu++20";
				CLANG_ENABLE_MODULES = YES;
				CLANG_ENABLE_OBJC_ARC = YES;
				CLANG_ENABLE_OBJC_WEAK = YES;
				CLANG_WARN_BLOCK_CAPTURE_AUTORELEASING = YES;
				CLANG_WARN_BOOL_CONVERSION = YES;
				CLANG_WARN_COMMA = YES;
				CLANG_WARN_CONSTANT_CONVERSION = YES;
				CLANG_WARN_DEPRECATED_OBJC_IMPLEMENTATIONS = YES;
				CLANG_WARN_DIRECT_OBJC_ISA_USAGE = YES_ERROR;
				CLANG_WARN_DOCUMENTATION_COMMENTS = YES;
				CLANG_WARN_EMPTY_BODY = YES;
				CLANG_WARN_ENUM_CONVERSION = YES;
				CLANG_WARN_INFINITE_RECURSION = YES;
				CLANG_WARN_INT_CONVERSION = YES;
				CLANG_WARN_NON_LITERAL_NULL_CONVERSION = YES;
				CLANG_WARN_OBJC_IMPLICIT_RETAIN_SELF = YES;
				CLANG_WARN_OBJC_LITERAL_CONVERSION = YES;
				CLANG_WARN_OBJC_ROOT_CLASS = YES_ERROR;
				CLANG_WARN_QUOTED_INCLUDE_IN_FRAMEWORK_HEADER = YES;
				CLANG_WARN_RANGE_LOOP_ANALYSIS = YES;
				CLANG_WARN_STRICT_PROTOTYPES = YES;
				CLANG_WARN_SUSPICIOUS_MOVE = YES;
				CLANG_WARN_UNGUARDED_AVAILABILITY = YES_AGGRESSIVE;
				CLANG_WARN_UNREACHABLE_CODE = YES;
				CLANG_WARN__DUPLICATE_METHOD_MATCH = YES;
				COPY_PHASE_STRIP = NO;
				DEBUG_INFORMATION_FORMAT = "dwarf-with-dsym";
				ENABLE_NS_ASSERTIONS = NO;
				ENABLE_STRICT_OBJC_MSGSEND = YES;
				ENABLE_USER_SCRIPT_SANDBOXING = YES;
				GCC_C_LANGUAGE_STANDARD = gnu17;
				GCC_NO_COMMON_BLOCKS = YES;
				GCC_WARN_64_TO_32_BIT_CONVERSION = YES;
				GCC_WARN_ABOUT_RETURN_TYPE = YES_ERROR;
				GCC_WARN_UNDECLARED_SELECTOR = YES;
				GCC_WARN_UNINITIALIZED_AUTOS = YES_AGGRESSIVE;
				GCC_WARN_UNUSED_FUNCTION = YES;
				GCC_WARN_UNUSED_VARIABLE = YES;
				IPHONEOS_DEPLOYMENT_TARGET = 18.0;
				LOCALIZATION_PREFERS_STRING_CATALOGS = YES;
				MTL_ENABLE_DEBUG_INFO = NO;
				MTL_FAST_MATH = YES;
				SDKROOT = iphoneos;
				SWIFT_COMPILATION_MODE = wholemodule;
				VALIDATE_PRODUCT = YES;
			};
			name = Release;
		};
		EABC5E112CA7EF9B003C7873 /* Debug */ = {
			isa = XCBuildConfiguration;
			buildSettings = {
				ASSETCATALOG_COMPILER_APPICON_NAME = AppIcon;
				ASSETCATALOG_COMPILER_GLOBAL_ACCENT_COLOR_NAME = AccentColor;
				CODE_SIGN_STYLE = Automatic;
				CURRENT_PROJECT_VERSION = 1;
				DEVELOPMENT_ASSET_PATHS = "\"Battleship/Preview Content\"";
				DEVELOPMENT_TEAM = WG6XQ7UA49;
				ENABLE_PREVIEWS = YES;
				GENERATE_INFOPLIST_FILE = YES;
				INFOPLIST_KEY_UIApplicationSceneManifest_Generation = YES;
				INFOPLIST_KEY_UIApplicationSupportsIndirectInputEvents = YES;
				INFOPLIST_KEY_UILaunchScreen_Generation = YES;
				INFOPLIST_KEY_UISupportedInterfaceOrientations_iPad = "UIInterfaceOrientationPortrait UIInterfaceOrientationPortraitUpsideDown UIInterfaceOrientationLandscapeLeft UIInterfaceOrientationLandscapeRight";
				INFOPLIST_KEY_UISupportedInterfaceOrientations_iPhone = "UIInterfaceOrientationPortrait UIInterfaceOrientationLandscapeLeft UIInterfaceOrientationLandscapeRight";
				IPHONEOS_DEPLOYMENT_TARGET = 16.6;
				LD_RUNPATH_SEARCH_PATHS = (
					"$(inherited)",
					"@executable_path/Frameworks",
				);
				MARKETING_VERSION = 1.0;
				PRODUCT_BUNDLE_IDENTIFIER = com.erofeevsky.proj;
				PRODUCT_NAME = "$(TARGET_NAME)";
				SWIFT_EMIT_LOC_STRINGS = YES;
				SWIFT_VERSION = 5.0;
				TARGETED_DEVICE_FAMILY = "1,2";
			};
			name = Debug;
		};
		EABC5E122CA7EF9B003C7873 /* Release */ = {
			isa = XCBuildConfiguration;
			buildSettings = {
				ASSETCATALOG_COMPILER_APPICON_NAME = AppIcon;
				ASSETCATALOG_COMPILER_GLOBAL_ACCENT_COLOR_NAME = AccentColor;
				CODE_SIGN_STYLE = Automatic;
				CURRENT_PROJECT_VERSION = 1;
				DEVELOPMENT_ASSET_PATHS = "\"Battleship/Preview Content\"";
				DEVELOPMENT_TEAM = WG6XQ7UA49;
				ENABLE_PREVIEWS = YES;
				GENERATE_INFOPLIST_FILE = YES;
				INFOPLIST_KEY_UIApplicationSceneManifest_Generation = YES;
				INFOPLIST_KEY_UIApplicationSupportsIndirectInputEvents = YES;
				INFOPLIST_KEY_UILaunchScreen_Generation = YES;
				INFOPLIST_KEY_UISupportedInterfaceOrientations_iPad = "UIInterfaceOrientationPortrait UIInterfaceOrientationPortraitUpsideDown UIInterfaceOrientationLandscapeLeft UIInterfaceOrientationLandscapeRight";
				INFOPLIST_KEY_UISupportedInterfaceOrientations_iPhone = "UIInterfaceOrientationPortrait UIInterfaceOrientationLandscapeLeft UIInterfaceOrientationLandscapeRight";
				IPHONEOS_DEPLOYMENT_TARGET = 16.6;
				LD_RUNPATH_SEARCH_PATHS = (
					"$(inherited)",
					"@executable_path/Frameworks",
				);
				MARKETING_VERSION = 1.0;
				PRODUCT_BUNDLE_IDENTIFIER = com.erofeevsky.proj;
				PRODUCT_NAME = "$(TARGET_NAME)";
				SWIFT_EMIT_LOC_STRINGS = YES;
				SWIFT_VERSION = 5.0;
				TARGETED_DEVICE_FAMILY = "1,2";
			};
			name = Release;
		};
		EABC5E142CA7EF9B003C7873 /* Debug */ = {
			isa = XCBuildConfiguration;
			buildSettings = {
				BUNDLE_LOADER = "$(TEST_HOST)";
				CODE_SIGN_STYLE = Automatic;
				CURRENT_PROJECT_VERSION = 1;
				DEVELOPMENT_TEAM = 9T9SUJA94F;
				GENERATE_INFOPLIST_FILE = YES;
				IPHONEOS_DEPLOYMENT_TARGET = 18.0;
				MARKETING_VERSION = 1.0;
				PRODUCT_BUNDLE_IDENTIFIER = com.mmichalski.BattleshipTests;
				PRODUCT_NAME = "$(TARGET_NAME)";
				SWIFT_EMIT_LOC_STRINGS = NO;
				SWIFT_VERSION = 5.0;
				TARGETED_DEVICE_FAMILY = "1,2";
				TEST_HOST = "$(BUILT_PRODUCTS_DIR)/Battleship.app/$(BUNDLE_EXECUTABLE_FOLDER_PATH)/Battleship";
			};
			name = Debug;
		};
		EABC5E152CA7EF9B003C7873 /* Release */ = {
			isa = XCBuildConfiguration;
			buildSettings = {
				BUNDLE_LOADER = "$(TEST_HOST)";
				CODE_SIGN_STYLE = Automatic;
				CURRENT_PROJECT_VERSION = 1;
				DEVELOPMENT_TEAM = 9T9SUJA94F;
				GENERATE_INFOPLIST_FILE = YES;
				IPHONEOS_DEPLOYMENT_TARGET = 18.0;
				MARKETING_VERSION = 1.0;
				PRODUCT_BUNDLE_IDENTIFIER = com.mmichalski.BattleshipTests;
				PRODUCT_NAME = "$(TARGET_NAME)";
				SWIFT_EMIT_LOC_STRINGS = NO;
				SWIFT_VERSION = 5.0;
				TARGETED_DEVICE_FAMILY = "1,2";
				TEST_HOST = "$(BUILT_PRODUCTS_DIR)/Battleship.app/$(BUNDLE_EXECUTABLE_FOLDER_PATH)/Battleship";
			};
			name = Release;
		};
		EABC5E172CA7EF9B003C7873 /* Debug */ = {
			isa = XCBuildConfiguration;
			buildSettings = {
				CODE_SIGN_STYLE = Automatic;
				CURRENT_PROJECT_VERSION = 1;
				DEVELOPMENT_TEAM = 9T9SUJA94F;
				GENERATE_INFOPLIST_FILE = YES;
				MARKETING_VERSION = 1.0;
				PRODUCT_BUNDLE_IDENTIFIER = com.mmichalski.BattleshipUITests;
				PRODUCT_NAME = "$(TARGET_NAME)";
				SWIFT_EMIT_LOC_STRINGS = NO;
				SWIFT_VERSION = 5.0;
				TARGETED_DEVICE_FAMILY = "1,2";
				TEST_TARGET_NAME = Battleship;
			};
			name = Debug;
		};
		EABC5E182CA7EF9B003C7873 /* Release */ = {
			isa = XCBuildConfiguration;
			buildSettings = {
				CODE_SIGN_STYLE = Automatic;
				CURRENT_PROJECT_VERSION = 1;
				DEVELOPMENT_TEAM = 9T9SUJA94F;
				GENERATE_INFOPLIST_FILE = YES;
				MARKETING_VERSION = 1.0;
				PRODUCT_BUNDLE_IDENTIFIER = com.mmichalski.BattleshipUITests;
				PRODUCT_NAME = "$(TARGET_NAME)";
				SWIFT_EMIT_LOC_STRINGS = NO;
				SWIFT_VERSION = 5.0;
				TARGETED_DEVICE_FAMILY = "1,2";
				TEST_TARGET_NAME = Battleship;
			};
			name = Release;
		};
/* End XCBuildConfiguration section */

/* Begin XCConfigurationList section */
		EABC5DE72CA7EF99003C7873 /* Build configuration list for PBXProject "Battleship" */ = {
			isa = XCConfigurationList;
			buildConfigurations = (
				EABC5E0E2CA7EF9B003C7873 /* Debug */,
				EABC5E0F2CA7EF9B003C7873 /* Release */,
			);
			defaultConfigurationIsVisible = 0;
			defaultConfigurationName = Release;
		};
		EABC5E102CA7EF9B003C7873 /* Build configuration list for PBXNativeTarget "Battleship" */ = {
			isa = XCConfigurationList;
			buildConfigurations = (
				EABC5E112CA7EF9B003C7873 /* Debug */,
				EABC5E122CA7EF9B003C7873 /* Release */,
			);
			defaultConfigurationIsVisible = 0;
			defaultConfigurationName = Release;
		};
		EABC5E132CA7EF9B003C7873 /* Build configuration list for PBXNativeTarget "BattleshipTests" */ = {
			isa = XCConfigurationList;
			buildConfigurations = (
				EABC5E142CA7EF9B003C7873 /* Debug */,
				EABC5E152CA7EF9B003C7873 /* Release */,
			);
			defaultConfigurationIsVisible = 0;
			defaultConfigurationName = Release;
		};
		EABC5E162CA7EF9B003C7873 /* Build configuration list for PBXNativeTarget "BattleshipUITests" */ = {
			isa = XCConfigurationList;
			buildConfigurations = (
				EABC5E172CA7EF9B003C7873 /* Debug */,
				EABC5E182CA7EF9B003C7873 /* Release */,
			);
			defaultConfigurationIsVisible = 0;
			defaultConfigurationName = Release;
		};
/* End XCConfigurationList section */
	};
	rootObject = EABC5DE42CA7EF99003C7873 /* Project object */;
}
